
Microsoft Visual Studio Solution File, Format Version 12.00
# Visual Studio Version 17
VisualStudioVersion = 17.5.33424.131
MinimumVisualStudioVersion = 10.0.40219.1
Project("{FAE04EC0-301F-11D3-BF4B-00C04F79EFBC}") = "Calculadora-em-c#", "Calculadora-em-c#\Calculadora-em-c#.csproj", "{0BB74820-FFA3-4880-A3DE-628066FBE07E}"
EndProject
Global
	GlobalSection(SolutionConfigurationPlatforms) = preSolution
		Debug|Any CPU = Debug|Any CPU
		Release|Any CPU = Release|Any CPU
	EndGlobalSection
	GlobalSection(ProjectConfigurationPlatforms) = postSolution
		{0BB74820-FFA3-4880-A3DE-628066FBE07E}.Debug|Any CPU.ActiveCfg = Debug|Any CPU
		{0BB74820-FFA3-4880-A3DE-628066FBE07E}.Debug|Any CPU.Build.0 = Debug|Any CPU
		{0BB74820-FFA3-4880-A3DE-628066FBE07E}.Release|Any CPU.ActiveCfg = Release|Any CPU
		{0BB74820-FFA3-4880-A3DE-628066FBE07E}.Release|Any CPU.Build.0 = Release|Any CPU
	EndGlobalSection
	GlobalSection(SolutionProperties) = preSolution
		HideSolutionNode = FALSE
	EndGlobalSection
	GlobalSection(ExtensibilityGlobals) = postSolution
		SolutionGuid = {511A0642-1A91-4144-B13C-F63D16DE88C7}
	EndGlobalSection
EndGlobal
